// !$*UTF8*$!
{
	archiveVersion = 1;
	classes = {
	};
	objectVersion = 46;
	objects = {

/* Begin PBXBuildFile section */
		D64486641ED20147003D2034 /* AppDelegate.swift in Sources */ = {isa = PBXBuildFile; fileRef = D64486631ED20147003D2034 /* AppDelegate.swift */; };
		D644866D1ED20147003D2034 /* Main.storyboard in Resources */ = {isa = PBXBuildFile; fileRef = D644866B1ED20147003D2034 /* Main.storyboard */; };
		D644866F1ED20147003D2034 /* Assets.xcassets in Resources */ = {isa = PBXBuildFile; fileRef = D644866E1ED20147003D2034 /* Assets.xcassets */; };
		D64486721ED20147003D2034 /* LaunchScreen.storyboard in Resources */ = {isa = PBXBuildFile; fileRef = D64486701ED20147003D2034 /* LaunchScreen.storyboard */; };
		D644867A1ED2B255003D2034 /* Survival.swift in Sources */ = {isa = PBXBuildFile; fileRef = D64486791ED2B255003D2034 /* Survival.swift */; };
		D644867C1ED2B296003D2034 /* Timed.swift in Sources */ = {isa = PBXBuildFile; fileRef = D644867B1ED2B296003D2034 /* Timed.swift */; };
		D644867E1ED49B50003D2034 /* GameOver.swift in Sources */ = {isa = PBXBuildFile; fileRef = D644867D1ED49B50003D2034 /* GameOver.swift */; };
/* End PBXBuildFile section */

/* Begin PBXFileReference section */
		D64486601ED20147003D2034 /* Different One.app */ = {isa = PBXFileReference; explicitFileType = wrapper.application; includeInIndex = 0; path = "Different One.app"; sourceTree = BUILT_PRODUCTS_DIR; };
		D64486631ED20147003D2034 /* AppDelegate.swift */ = {isa = PBXFileReference; lastKnownFileType = sourcecode.swift; path = AppDelegate.swift; sourceTree = "<group>"; };
		D644866C1ED20147003D2034 /* Base */ = {isa = PBXFileReference; lastKnownFileType = file.storyboard; name = Base; path = Base.lproj/Main.storyboard; sourceTree = "<group>"; };
		D644866E1ED20147003D2034 /* Assets.xcassets */ = {isa = PBXFileReference; lastKnownFileType = folder.assetcatalog; path = Assets.xcassets; sourceTree = "<group>"; };
		D64486711ED20147003D2034 /* Base */ = {isa = PBXFileReference; lastKnownFileType = file.storyboard; name = Base; path = Base.lproj/LaunchScreen.storyboard; sourceTree = "<group>"; };
		D64486731ED20147003D2034 /* Info.plist */ = {isa = PBXFileReference; lastKnownFileType = text.plist.xml; path = Info.plist; sourceTree = "<group>"; };
		D64486791ED2B255003D2034 /* Survival.swift */ = {isa = PBXFileReference; fileEncoding = 4; lastKnownFileType = sourcecode.swift; path = Survival.swift; sourceTree = "<group>"; };
		D644867B1ED2B296003D2034 /* Timed.swift */ = {isa = PBXFileReference; fileEncoding = 4; lastKnownFileType = sourcecode.swift; path = Timed.swift; sourceTree = "<group>"; };
		D644867D1ED49B50003D2034 /* GameOver.swift */ = {isa = PBXFileReference; fileEncoding = 4; lastKnownFileType = sourcecode.swift; path = GameOver.swift; sourceTree = "<group>"; };
/* End PBXFileReference section */

/* Begin PBXFrameworksBuildPhase section */
		D644865D1ED20147003D2034 /* Frameworks */ = {
			isa = PBXFrameworksBuildPhase;
			buildActionMask = 2147483647;
			files = (
			);
			runOnlyForDeploymentPostprocessing = 0;
		};
/* End PBXFrameworksBuildPhase section */

/* Begin PBXGroup section */
		D64486571ED20147003D2034 = {
			isa = PBXGroup;
			children = (
				D64486621ED20147003D2034 /* Different Colors */,
				D64486611ED20147003D2034 /* Products */,
			);
			sourceTree = "<group>";
		};
		D64486611ED20147003D2034 /* Products */ = {
			isa = PBXGroup;
			children = (
				D64486601ED20147003D2034 /* Different One.app */,
			);
			name = Products;
			sourceTree = "<group>";
		};
		D64486621ED20147003D2034 /* Different Colors */ = {
			isa = PBXGroup;
			children = (
				D64486631ED20147003D2034 /* AppDelegate.swift */,
				D644866B1ED20147003D2034 /* Main.storyboard */,
				D644866E1ED20147003D2034 /* Assets.xcassets */,
				D64486701ED20147003D2034 /* LaunchScreen.storyboard */,
				D64486731ED20147003D2034 /* Info.plist */,
				D64486791ED2B255003D2034 /* Survival.swift */,
				D644867B1ED2B296003D2034 /* Timed.swift */,
				D644867D1ED49B50003D2034 /* GameOver.swift */,
			);
			path = "Different Colors";
			sourceTree = "<group>";
		};
/* End PBXGroup section */

/* Begin PBXNativeTarget section */
		D644865F1ED20147003D2034 /* Different One */ = {
			isa = PBXNativeTarget;
			buildConfigurationList = D64486761ED20147003D2034 /* Build configuration list for PBXNativeTarget "Different One" */;
			buildPhases = (
				D644865C1ED20147003D2034 /* Sources */,
				D644865D1ED20147003D2034 /* Frameworks */,
				D644865E1ED20147003D2034 /* Resources */,
			);
			buildRules = (
			);
			dependencies = (
			);
			name = "Different One";
			productName = "Different Colors";
			productReference = D64486601ED20147003D2034 /* Different One.app */;
			productType = "com.apple.product-type.application";
		};
/* End PBXNativeTarget section */

/* Begin PBXProject section */
		D64486581ED20147003D2034 /* Project object */ = {
			isa = PBXProject;
			attributes = {
				LastSwiftUpdateCheck = 0820;
				LastUpgradeCheck = 0820;
				ORGANIZATIONNAME = com.DifferentColors;
				TargetAttributes = {
					D644865F1ED20147003D2034 = {
						CreatedOnToolsVersion = 8.2.1;
						DevelopmentTeam = 7SA4C3FZ9G;
						ProvisioningStyle = Automatic;
					};
				};
			};
			buildConfigurationList = D644865B1ED20147003D2034 /* Build configuration list for PBXProject "Different One" */;
			compatibilityVersion = "Xcode 3.2";
			developmentRegion = English;
			hasScannedForEncodings = 0;
			knownRegions = (
				en,
				Base,
			);
			mainGroup = D64486571ED20147003D2034;
			productRefGroup = D64486611ED20147003D2034 /* Products */;
			projectDirPath = "";
			projectRoot = "";
			targets = (
				D644865F1ED20147003D2034 /* Different One */,
			);
		};
/* End PBXProject section */

/* Begin PBXResourcesBuildPhase section */
		D644865E1ED20147003D2034 /* Resources */ = {
			isa = PBXResourcesBuildPhase;
			buildActionMask = 2147483647;
			files = (
				D64486721ED20147003D2034 /* LaunchScreen.storyboard in Resources */,
				D644866F1ED20147003D2034 /* Assets.xcassets in Resources */,
				D644866D1ED20147003D2034 /* Main.storyboard in Resources */,
			);
			runOnlyForDeploymentPostprocessing = 0;
		};
/* End PBXResourcesBuildPhase section */

/* Begin PBXSourcesBuildPhase section */
		D644865C1ED20147003D2034 /* Sources */ = {
			isa = PBXSourcesBuildPhase;
			buildActionMask = 2147483647;
			files = (
				D64486641ED20147003D2034 /* AppDelegate.swift in Sources */,
				D644867C1ED2B296003D2034 /* Timed.swift in Sources */,
				D644867A1ED2B255003D2034 /* Survival.swift in Sources */,
				D644867E1ED49B50003D2034 /* GameOver.swift in Sources */,
			);
			runOnlyForDeploymentPostprocessing = 0;
		};
/* End PBXSourcesBuildPhase section */

/* Begin PBXVariantGroup section */
		D644866B1ED20147003D2034 /* Main.storyboard */ = {
			isa = PBXVariantGroup;
			children = (
				D644866C1ED20147003D2034 /* Base */,
			);
			name = Main.storyboard;
			sourceTree = "<group>";
		};
		D64486701ED20147003D2034 /* LaunchScreen.storyboard */ = {
			isa = PBXVariantGroup;
			children = (
				D64486711ED20147003D2034 /* Base */,
			);
			name = LaunchScreen.storyboard;
			sourceTree = "<group>";
		};
/* End PBXVariantGroup section */

/* Begin XCBuildConfiguration section */
		D64486741ED20147003D2034 /* Debug */ = {
			isa = XCBuildConfiguration;
			buildSettings = {
				ALWAYS_SEARCH_USER_PATHS = NO;
				CLANG_ANALYZER_NONNULL = YES;
				CLANG_CXX_LANGUAGE_STANDARD = "gnu++0x";
				CLANG_CXX_LIBRARY = "libc++";
				CLANG_ENABLE_MODULES = YES;
				CLANG_ENABLE_OBJC_ARC = YES;
				CLANG_WARN_BOOL_CONVERSION = YES;
				CLANG_WARN_CONSTANT_CONVERSION = YES;
				CLANG_WARN_DIRECT_OBJC_ISA_USAGE = YES_ERROR;
				CLANG_WARN_DOCUMENTATION_COMMENTS = YES;
				CLANG_WARN_EMPTY_BODY = YES;
				CLANG_WARN_ENUM_CONVERSION = YES;
				CLANG_WARN_INFINITE_RECURSION = YES;
				CLANG_WARN_INT_CONVERSION = YES;
				CLANG_WARN_OBJC_ROOT_CLASS = YES_ERROR;
				CLANG_WARN_SUSPICIOUS_MOVE = YES;
				CLANG_WARN_UNREACHABLE_CODE = YES;
				CLANG_WARN__DUPLICATE_METHOD_MATCH = YES;
				"CODE_SIGN_IDENTITY[sdk=iphoneos*]" = "iPhone Developer";
				COPY_PHASE_STRIP = NO;
				DEBUG_INFORMATION_FORMAT = dwarf;
				ENABLE_STRICT_OBJC_MSGSEND = YES;
				ENABLE_TESTABILITY = YES;
				GCC_C_LANGUAGE_STANDARD = gnu99;
				GCC_DYNAMIC_NO_PIC = NO;
				GCC_NO_COMMON_BLOCKS = YES;
				GCC_OPTIMIZATION_LEVEL = 0;
				GCC_PREPROCESSOR_DEFINITIONS = (
					"DEBUG=1",
					"$(inherited)",
				);
				GCC_WARN_64_TO_32_BIT_CONVERSION = YES;
				GCC_WARN_ABOUT_RETURN_TYPE = YES_ERROR;
				GCC_WARN_UNDECLARED_SELECTOR = YES;
				GCC_WARN_UNINITIALIZED_AUTOS = YES_AGGRESSIVE;
				GCC_WARN_UNUSED_FUNCTION = YES;
				GCC_WARN_UNUSED_VARIABLE = YES;
				IPHONEOS_DEPLOYMENT_TARGET = 10.2;
				MTL_ENABLE_DEBUG_INFO = YES;
				ONLY_ACTIVE_ARCH = YES;
				SDKROOT = iphoneos;
				SWIFT_ACTIVE_COMPILATION_CONDITIONS = DEBUG;
				SWIFT_OPTIMIZATION_LEVEL = "-Onone";
			};
			name = Debug;
		};
		D64486751ED20147003D2034 /* Release */ = {
			isa = XCBuildConfiguration;
			buildSettings = {
				ALWAYS_SEARCH_USER_PATHS = NO;
				CLANG_ANALYZER_NONNULL = YES;
				CLANG_CXX_LANGUAGE_STANDARD = "gnu++0x";
				CLANG_CXX_LIBRARY = "libc++";
				CLANG_ENABLE_MODULES = YES;
				CLANG_ENABLE_OBJC_ARC = YES;
				CLANG_WARN_BOOL_CONVERSION = YES;
				CLANG_WARN_CONSTANT_CONVERSION = YES;
				CLANG_WARN_DIRECT_OBJC_ISA_USAGE = YES_ERROR;
				CLANG_WARN_DOCUMENTATION_COMMENTS = YES;
				CLANG_WARN_EMPTY_BODY = YES;
				CLANG_WARN_ENUM_CONVERSION = YES;
				CLANG_WARN_INFINITE_RECURSION = YES;
				CLANG_WARN_INT_CONVERSION = YES;
				CLANG_WARN_OBJC_ROOT_CLASS = YES_ERROR;
				CLANG_WARN_SUSPICIOUS_MOVE = YES;
				CLANG_WARN_UNREACHABLE_CODE = YES;
				CLANG_WARN__DUPLICATE_METHOD_MATCH = YES;
				"CODE_SIGN_IDENTITY[sdk=iphoneos*]" = "iPhone Developer";
				COPY_PHASE_STRIP = NO;
				DEBUG_INFORMATION_FORMAT = "dwarf-with-dsym";
				ENABLE_NS_ASSERTIONS = NO;
				ENABLE_STRICT_OBJC_MSGSEND = YES;
				GCC_C_LANGUAGE_STANDARD = gnu99;
				GCC_NO_COMMON_BLOCKS = YES;
				GCC_WARN_64_TO_32_BIT_CONVERSION = YES;
				GCC_WARN_ABOUT_RETURN_TYPE = YES_ERROR;
				GCC_WARN_UNDECLARED_SELECTOR = YES;
				GCC_WARN_UNINITIALIZED_AUTOS = YES_AGGRESSIVE;
				GCC_WARN_UNUSED_FUNCTION = YES;
				GCC_WARN_UNUSED_VARIABLE = YES;
				IPHONEOS_DEPLOYMENT_TARGET = 10.2;
				MTL_ENABLE_DEBUG_INFO = NO;
				SDKROOT = iphoneos;
				SWIFT_OPTIMIZATION_LEVEL = "-Owholemodule";
				VALIDATE_PRODUCT = YES;
			};
			name = Release;
		};
		D64486771ED20147003D2034 /* Debug */ = {
			isa = XCBuildConfiguration;
			buildSettings = {
				ASSETCATALOG_COMPILER_APPICON_NAME = AppIcon;
				DEVELOPMENT_TEAM = 7SA4C3FZ9G;
				INFOPLIST_FILE = "Different Colors/Info.plist";
				LD_RUNPATH_SEARCH_PATHS = "$(inherited) @executable_path/Frameworks";
				PRODUCT_BUNDLE_IDENTIFIER = "com.DifferentColors.Different-Colors";
				PRODUCT_NAME = "$(TARGET_NAME)";
				SWIFT_VERSION = 3.0;
			};
			name = Debug;
		};
		D64486781ED20147003D2034 /* Release */ = {
			isa = XCBuildConfiguration;
			buildSettings = {
				ASSETCATALOG_COMPILER_APPICON_NAME = AppIcon;
				DEVELOPMENT_TEAM = 7SA4C3FZ9G;
				INFOPLIST_FILE = "Different Colors/Info.plist";
				LD_RUNPATH_SEARCH_PATHS = "$(inherited) @executable_path/Frameworks";
				PRODUCT_BUNDLE_IDENTIFIER = "com.DifferentColors.Different-Colors";
				PRODUCT_NAME = "$(TARGET_NAME)";
				SWIFT_VERSION = 3.0;
			};
			name = Release;
		};
/* End XCBuildConfiguration section */

/* Begin XCConfigurationList section */
		D644865B1ED20147003D2034 /* Build configuration list for PBXProject "Different One" */ = {
			isa = XCConfigurationList;
			buildConfigurations = (
				D64486741ED20147003D2034 /* Debug */,
				D64486751ED20147003D2034 /* Release */,
			);
			defaultConfigurationIsVisible = 0;
			defaultConfigurationName = Release;
		};
		D64486761ED20147003D2034 /* Build configuration list for PBXNativeTarget "Different One" */ = {
			isa = XCConfigurationList;
			buildConfigurations = (
				D64486771ED20147003D2034 /* Debug */,
				D64486781ED20147003D2034 /* Release */,
			);
			defaultConfigurationIsVisible = 0;
			defaultConfigurationName = Release;
		};
/* End XCConfigurationList section */
	};
	rootObject = D64486581ED20147003D2034 /* Project object */;
}
